
Microsoft Visual Studio Solution File, Format Version 12.00
# Visual Studio 14
VisualStudioVersion = 14.0.25420.1
MinimumVisualStudioVersion = 10.0.40219.1
Project("{FAE04EC0-301F-11D3-BF4B-00C04F79EFBC}") = "SIPDemoApp", "SIPDemoApp\SIPDemoApp\SIPDemoApp.csproj", "{66E8BCBB-F3E0-4B80-B102-157BF3D1FBBE}"
EndProject
Project("{FAE04EC0-301F-11D3-BF4B-00C04F79EFBC}") = "SIPDemoApp.Droid", "SIPDemoApp\SIPDemoApp.Droid\SIPDemoApp.Droid.csproj", "{080EDAD5-D7BB-457A-B1A8-813CF02C265A}"
EndProject
Project("{FAE04EC0-301F-11D3-BF4B-00C04F79EFBC}") = "SIPDemoApp.iOS", "SIPDemoApp\SIPDemoApp.iOS\SIPDemoApp.iOS.csproj", "{51EE46C1-08F5-4BF9-A671-3145B0498BDE}"
EndProject
Project("{FAE04EC0-301F-11D3-BF4B-00C04F79EFBC}") = "SIPDemoApp.WinPhone", "SIPDemoApp\SIPDemoApp.WinPhone\SIPDemoApp.WinPhone.csproj", "{19D157B8-8B93-4C84-B031-132544F8F97C}"
EndProject
Project("{FAE04EC0-301F-11D3-BF4B-00C04F79EFBC}") = "SIPDemoApp.Windows", "SIPDemoApp\SIPDemoApp.Windows\SIPDemoApp.Windows.csproj", "{EC304013-E183-4671-A10A-7B6FE611BCE2}"
EndProject
Global
	GlobalSection(SolutionConfigurationPlatforms) = preSolution
		Ad-Hoc|Any CPU = Ad-Hoc|Any CPU
		Ad-Hoc|ARM = Ad-Hoc|ARM
		Ad-Hoc|iPhone = Ad-Hoc|iPhone
		Ad-Hoc|iPhoneSimulator = Ad-Hoc|iPhoneSimulator
		Ad-Hoc|x64 = Ad-Hoc|x64
		Ad-Hoc|x86 = Ad-Hoc|x86
		AppStore|Any CPU = AppStore|Any CPU
		AppStore|ARM = AppStore|ARM
		AppStore|iPhone = AppStore|iPhone
		AppStore|iPhoneSimulator = AppStore|iPhoneSimulator
		AppStore|x64 = AppStore|x64
		AppStore|x86 = AppStore|x86
		Debug|Any CPU = Debug|Any CPU
		Debug|ARM = Debug|ARM
		Debug|iPhone = Debug|iPhone
		Debug|iPhoneSimulator = Debug|iPhoneSimulator
		Debug|x64 = Debug|x64
		Debug|x86 = Debug|x86
		Release|Any CPU = Release|Any CPU
		Release|ARM = Release|ARM
		Release|iPhone = Release|iPhone
		Release|iPhoneSimulator = Release|iPhoneSimulator
		Release|x64 = Release|x64
		Release|x86 = Release|x86
	EndGlobalSection
	GlobalSection(ProjectConfigurationPlatforms) = postSolution
		{66E8BCBB-F3E0-4B80-B102-157BF3D1FBBE}.Ad-Hoc|Any CPU.ActiveCfg = Release|Any CPU
		{66E8BCBB-F3E0-4B80-B102-157BF3D1FBBE}.Ad-Hoc|Any CPU.Build.0 = Release|Any CPU
		{66E8BCBB-F3E0-4B80-B102-157BF3D1FBBE}.Ad-Hoc|ARM.ActiveCfg = Release|Any CPU
		{66E8BCBB-F3E0-4B80-B102-157BF3D1FBBE}.Ad-Hoc|ARM.Build.0 = Release|Any CPU
		{66E8BCBB-F3E0-4B80-B102-157BF3D1FBBE}.Ad-Hoc|iPhone.ActiveCfg = Release|Any CPU
		{66E8BCBB-F3E0-4B80-B102-157BF3D1FBBE}.Ad-Hoc|iPhone.Build.0 = Release|Any CPU
		{66E8BCBB-F3E0-4B80-B102-157BF3D1FBBE}.Ad-Hoc|iPhoneSimulator.ActiveCfg = Release|Any CPU
		{66E8BCBB-F3E0-4B80-B102-157BF3D1FBBE}.Ad-Hoc|iPhoneSimulator.Build.0 = Release|Any CPU
		{66E8BCBB-F3E0-4B80-B102-157BF3D1FBBE}.Ad-Hoc|x64.ActiveCfg = Release|Any CPU
		{66E8BCBB-F3E0-4B80-B102-157BF3D1FBBE}.Ad-Hoc|x64.Build.0 = Release|Any CPU
		{66E8BCBB-F3E0-4B80-B102-157BF3D1FBBE}.Ad-Hoc|x86.ActiveCfg = Release|Any CPU
		{66E8BCBB-F3E0-4B80-B102-157BF3D1FBBE}.Ad-Hoc|x86.Build.0 = Release|Any CPU
		{66E8BCBB-F3E0-4B80-B102-157BF3D1FBBE}.AppStore|Any CPU.ActiveCfg = Release|Any CPU
		{66E8BCBB-F3E0-4B80-B102-157BF3D1FBBE}.AppStore|Any CPU.Build.0 = Release|Any CPU
		{66E8BCBB-F3E0-4B80-B102-157BF3D1FBBE}.AppStore|ARM.ActiveCfg = Release|Any CPU
		{66E8BCBB-F3E0-4B80-B102-157BF3D1FBBE}.AppStore|ARM.Build.0 = Release|Any CPU
		{66E8BCBB-F3E0-4B80-B102-157BF3D1FBBE}.AppStore|iPhone.ActiveCfg = Release|Any CPU
		{66E8BCBB-F3E0-4B80-B102-157BF3D1FBBE}.AppStore|iPhone.Build.0 = Release|Any CPU
		{66E8BCBB-F3E0-4B80-B102-157BF3D1FBBE}.AppStore|iPhoneSimulator.ActiveCfg = Release|Any CPU
		{66E8BCBB-F3E0-4B80-B102-157BF3D1FBBE}.AppStore|iPhoneSimulator.Build.0 = Release|Any CPU
		{66E8BCBB-F3E0-4B80-B102-157BF3D1FBBE}.AppStore|x64.ActiveCfg = Release|Any CPU
		{66E8BCBB-F3E0-4B80-B102-157BF3D1FBBE}.AppStore|x64.Build.0 = Release|Any CPU
		{66E8BCBB-F3E0-4B80-B102-157BF3D1FBBE}.AppStore|x86.ActiveCfg = Release|Any CPU
		{66E8BCBB-F3E0-4B80-B102-157BF3D1FBBE}.AppStore|x86.Build.0 = Release|Any CPU
		{66E8BCBB-F3E0-4B80-B102-157BF3D1FBBE}.Debug|Any CPU.ActiveCfg = Debug|Any CPU
		{66E8BCBB-F3E0-4B80-B102-157BF3D1FBBE}.Debug|Any CPU.Build.0 = Debug|Any CPU
		{66E8BCBB-F3E0-4B80-B102-157BF3D1FBBE}.Debug|ARM.ActiveCfg = Debug|Any CPU
		{66E8BCBB-F3E0-4B80-B102-157BF3D1FBBE}.Debug|ARM.Build.0 = Debug|Any CPU
		{66E8BCBB-F3E0-4B80-B102-157BF3D1FBBE}.Debug|iPhone.ActiveCfg = Debug|Any CPU
		{66E8BCBB-F3E0-4B80-B102-157BF3D1FBBE}.Debug|iPhone.Build.0 = Debug|Any CPU
		{66E8BCBB-F3E0-4B80-B102-157BF3D1FBBE}.Debug|iPhoneSimulator.ActiveCfg = Debug|Any CPU
		{66E8BCBB-F3E0-4B80-B102-157BF3D1FBBE}.Debug|iPhoneSimulator.Build.0 = Debug|Any CPU
		{66E8BCBB-F3E0-4B80-B102-157BF3D1FBBE}.Debug|x64.ActiveCfg = Debug|Any CPU
		{66E8BCBB-F3E0-4B80-B102-157BF3D1FBBE}.Debug|x64.Build.0 = Debug|Any CPU
		{66E8BCBB-F3E0-4B80-B102-157BF3D1FBBE}.Debug|x86.ActiveCfg = Debug|Any CPU
		{66E8BCBB-F3E0-4B80-B102-157BF3D1FBBE}.Debug|x86.Build.0 = Debug|Any CPU
		{66E8BCBB-F3E0-4B80-B102-157BF3D1FBBE}.Release|Any CPU.ActiveCfg = Release|Any CPU
		{66E8BCBB-F3E0-4B80-B102-157BF3D1FBBE}.Release|Any CPU.Build.0 = Release|Any CPU
		{66E8BCBB-F3E0-4B80-B102-157BF3D1FBBE}.Release|ARM.ActiveCfg = Release|Any CPU
		{66E8BCBB-F3E0-4B80-B102-157BF3D1FBBE}.Release|ARM.Build.0 = Release|Any CPU
		{66E8BCBB-F3E0-4B80-B102-157BF3D1FBBE}.Release|iPhone.ActiveCfg = Release|Any CPU
		{66E8BCBB-F3E0-4B80-B102-157BF3D1FBBE}.Release|iPhone.Build.0 = Release|Any CPU
		{66E8BCBB-F3E0-4B80-B102-157BF3D1FBBE}.Release|iPhoneSimulator.ActiveCfg = Release|Any CPU
		{66E8BCBB-F3E0-4B80-B102-157BF3D1FBBE}.Release|iPhoneSimulator.Build.0 = Release|Any CPU
		{66E8BCBB-F3E0-4B80-B102-157BF3D1FBBE}.Release|x64.ActiveCfg = Release|Any CPU
		{66E8BCBB-F3E0-4B80-B102-157BF3D1FBBE}.Release|x64.Build.0 = Release|Any CPU
		{66E8BCBB-F3E0-4B80-B102-157BF3D1FBBE}.Release|x86.ActiveCfg = Release|Any CPU
		{66E8BCBB-F3E0-4B80-B102-157BF3D1FBBE}.Release|x86.Build.0 = Release|Any CPU
		{080EDAD5-D7BB-457A-B1A8-813CF02C265A}.Ad-Hoc|Any CPU.ActiveCfg = Release|Any CPU
		{080EDAD5-D7BB-457A-B1A8-813CF02C265A}.Ad-Hoc|Any CPU.Build.0 = Release|Any CPU
		{080EDAD5-D7BB-457A-B1A8-813CF02C265A}.Ad-Hoc|Any CPU.Deploy.0 = Release|Any CPU
		{080EDAD5-D7BB-457A-B1A8-813CF02C265A}.Ad-Hoc|ARM.ActiveCfg = Release|Any CPU
		{080EDAD5-D7BB-457A-B1A8-813CF02C265A}.Ad-Hoc|ARM.Build.0 = Release|Any CPU
		{080EDAD5-D7BB-457A-B1A8-813CF02C265A}.Ad-Hoc|ARM.Deploy.0 = Release|Any CPU
		{080EDAD5-D7BB-457A-B1A8-813CF02C265A}.Ad-Hoc|iPhone.ActiveCfg = Release|Any CPU
		{080EDAD5-D7BB-457A-B1A8-813CF02C265A}.Ad-Hoc|iPhone.Build.0 = Release|Any CPU
		{080EDAD5-D7BB-457A-B1A8-813CF02C265A}.Ad-Hoc|iPhone.Deploy.0 = Release|Any CPU
		{080EDAD5-D7BB-457A-B1A8-813CF02C265A}.Ad-Hoc|iPhoneSimulator.ActiveCfg = Release|Any CPU
		{080EDAD5-D7BB-457A-B1A8-813CF02C265A}.Ad-Hoc|iPhoneSimulator.Build.0 = Release|Any CPU
		{080EDAD5-D7BB-457A-B1A8-813CF02C265A}.Ad-Hoc|iPhoneSimulator.Deploy.0 = Release|Any CPU
		{080EDAD5-D7BB-457A-B1A8-813CF02C265A}.Ad-Hoc|x64.ActiveCfg = Release|Any CPU
		{080EDAD5-D7BB-457A-B1A8-813CF02C265A}.Ad-Hoc|x64.Build.0 = Release|Any CPU
		{080EDAD5-D7BB-457A-B1A8-813CF02C265A}.Ad-Hoc|x64.Deploy.0 = Release|Any CPU
		{080EDAD5-D7BB-457A-B1A8-813CF02C265A}.Ad-Hoc|x86.ActiveCfg = Release|Any CPU
		{080EDAD5-D7BB-457A-B1A8-813CF02C265A}.Ad-Hoc|x86.Build.0 = Release|Any CPU
		{080EDAD5-D7BB-457A-B1A8-813CF02C265A}.Ad-Hoc|x86.Deploy.0 = Release|Any CPU
		{080EDAD5-D7BB-457A-B1A8-813CF02C265A}.AppStore|Any CPU.ActiveCfg = Release|Any CPU
		{080EDAD5-D7BB-457A-B1A8-813CF02C265A}.AppStore|Any CPU.Build.0 = Release|Any CPU
		{080EDAD5-D7BB-457A-B1A8-813CF02C265A}.AppStore|Any CPU.Deploy.0 = Release|Any CPU
		{080EDAD5-D7BB-457A-B1A8-813CF02C265A}.AppStore|ARM.ActiveCfg = Release|Any CPU
		{080EDAD5-D7BB-457A-B1A8-813CF02C265A}.AppStore|ARM.Build.0 = Release|Any CPU
		{080EDAD5-D7BB-457A-B1A8-813CF02C265A}.AppStore|ARM.Deploy.0 = Release|Any CPU
		{080EDAD5-D7BB-457A-B1A8-813CF02C265A}.AppStore|iPhone.ActiveCfg = Release|Any CPU
		{080EDAD5-D7BB-457A-B1A8-813CF02C265A}.AppStore|iPhone.Build.0 = Release|Any CPU
		{080EDAD5-D7BB-457A-B1A8-813CF02C265A}.AppStore|iPhone.Deploy.0 = Release|Any CPU
		{080EDAD5-D7BB-457A-B1A8-813CF02C265A}.AppStore|iPhoneSimulator.ActiveCfg = Release|Any CPU
		{080EDAD5-D7BB-457A-B1A8-813CF02C265A}.AppStore|iPhoneSimulator.Build.0 = Release|Any CPU
		{080EDAD5-D7BB-457A-B1A8-813CF02C265A}.AppStore|iPhoneSimulator.Deploy.0 = Release|Any CPU
		{080EDAD5-D7BB-457A-B1A8-813CF02C265A}.AppStore|x64.ActiveCfg = Release|Any CPU
		{080EDAD5-D7BB-457A-B1A8-813CF02C265A}.AppStore|x64.Build.0 = Release|Any CPU
		{080EDAD5-D7BB-457A-B1A8-813CF02C265A}.AppStore|x64.Deploy.0 = Release|Any CPU
		{080EDAD5-D7BB-457A-B1A8-813CF02C265A}.AppStore|x86.ActiveCfg = Release|Any CPU
		{080EDAD5-D7BB-457A-B1A8-813CF02C265A}.AppStore|x86.Build.0 = Release|Any CPU
		{080EDAD5-D7BB-457A-B1A8-813CF02C265A}.AppStore|x86.Deploy.0 = Release|Any CPU
		{080EDAD5-D7BB-457A-B1A8-813CF02C265A}.Debug|Any CPU.ActiveCfg = Debug|Any CPU
		{080EDAD5-D7BB-457A-B1A8-813CF02C265A}.Debug|Any CPU.Build.0 = Debug|Any CPU
		{080EDAD5-D7BB-457A-B1A8-813CF02C265A}.Debug|Any CPU.Deploy.0 = Debug|Any CPU
		{080EDAD5-D7BB-457A-B1A8-813CF02C265A}.Debug|ARM.ActiveCfg = Debug|Any CPU
		{080EDAD5-D7BB-457A-B1A8-813CF02C265A}.Debug|ARM.Build.0 = Debug|Any CPU
		{080EDAD5-D7BB-457A-B1A8-813CF02C265A}.Debug|ARM.Deploy.0 = Debug|Any CPU
		{080EDAD5-D7BB-457A-B1A8-813CF02C265A}.Debug|iPhone.ActiveCfg = Debug|Any CPU
		{080EDAD5-D7BB-457A-B1A8-813CF02C265A}.Debug|iPhone.Build.0 = Debug|Any CPU
		{080EDAD5-D7BB-457A-B1A8-813CF02C265A}.Debug|iPhone.Deploy.0 = Debug|Any CPU
		{080EDAD5-D7BB-457A-B1A8-813CF02C265A}.Debug|iPhoneSimulator.ActiveCfg = Debug|Any CPU
		{080EDAD5-D7BB-457A-B1A8-813CF02C265A}.Debug|iPhoneSimulator.Build.0 = Debug|Any CPU
		{080EDAD5-D7BB-457A-B1A8-813CF02C265A}.Debug|iPhoneSimulator.Deploy.0 = Debug|Any CPU
		{080EDAD5-D7BB-457A-B1A8-813CF02C265A}.Debug|x64.ActiveCfg = Debug|Any CPU
		{080EDAD5-D7BB-457A-B1A8-813CF02C265A}.Debug|x64.Build.0 = Debug|Any CPU
		{080EDAD5-D7BB-457A-B1A8-813CF02C265A}.Debug|x64.Deploy.0 = Debug|Any CPU
		{080EDAD5-D7BB-457A-B1A8-813CF02C265A}.Debug|x86.ActiveCfg = Debug|Any CPU
		{080EDAD5-D7BB-457A-B1A8-813CF02C265A}.Debug|x86.Build.0 = Debug|Any CPU
		{080EDAD5-D7BB-457A-B1A8-813CF02C265A}.Debug|x86.Deploy.0 = Debug|Any CPU
		{080EDAD5-D7BB-457A-B1A8-813CF02C265A}.Release|Any CPU.ActiveCfg = Release|Any CPU
		{080EDAD5-D7BB-457A-B1A8-813CF02C265A}.Release|Any CPU.Build.0 = Release|Any CPU
		{080EDAD5-D7BB-457A-B1A8-813CF02C265A}.Release|Any CPU.Deploy.0 = Release|Any CPU
		{080EDAD5-D7BB-457A-B1A8-813CF02C265A}.Release|ARM.ActiveCfg = Release|Any CPU
		{080EDAD5-D7BB-457A-B1A8-813CF02C265A}.Release|ARM.Build.0 = Release|Any CPU
		{080EDAD5-D7BB-457A-B1A8-813CF02C265A}.Release|ARM.Deploy.0 = Release|Any CPU
		{080EDAD5-D7BB-457A-B1A8-813CF02C265A}.Release|iPhone.ActiveCfg = Release|Any CPU
		{080EDAD5-D7BB-457A-B1A8-813CF02C265A}.Release|iPhone.Build.0 = Release|Any CPU
		{080EDAD5-D7BB-457A-B1A8-813CF02C265A}.Release|iPhone.Deploy.0 = Release|Any CPU
		{080EDAD5-D7BB-457A-B1A8-813CF02C265A}.Release|iPhoneSimulator.ActiveCfg = Release|Any CPU
		{080EDAD5-D7BB-457A-B1A8-813CF02C265A}.Release|iPhoneSimulator.Build.0 = Release|Any CPU
		{080EDAD5-D7BB-457A-B1A8-813CF02C265A}.Release|iPhoneSimulator.Deploy.0 = Release|Any CPU
		{080EDAD5-D7BB-457A-B1A8-813CF02C265A}.Release|x64.ActiveCfg = Release|Any CPU
		{080EDAD5-D7BB-457A-B1A8-813CF02C265A}.Release|x64.Build.0 = Release|Any CPU
		{080EDAD5-D7BB-457A-B1A8-813CF02C265A}.Release|x64.Deploy.0 = Release|Any CPU
		{080EDAD5-D7BB-457A-B1A8-813CF02C265A}.Release|x86.ActiveCfg = Release|Any CPU
		{080EDAD5-D7BB-457A-B1A8-813CF02C265A}.Release|x86.Build.0 = Release|Any CPU
		{080EDAD5-D7BB-457A-B1A8-813CF02C265A}.Release|x86.Deploy.0 = Release|Any CPU
		{51EE46C1-08F5-4BF9-A671-3145B0498BDE}.Ad-Hoc|Any CPU.ActiveCfg = Ad-Hoc|iPhone
		{51EE46C1-08F5-4BF9-A671-3145B0498BDE}.Ad-Hoc|ARM.ActiveCfg = Ad-Hoc|iPhone
		{51EE46C1-08F5-4BF9-A671-3145B0498BDE}.Ad-Hoc|iPhone.ActiveCfg = Ad-Hoc|iPhone
		{51EE46C1-08F5-4BF9-A671-3145B0498BDE}.Ad-Hoc|iPhone.Build.0 = Ad-Hoc|iPhone
		{51EE46C1-08F5-4BF9-A671-3145B0498BDE}.Ad-Hoc|iPhoneSimulator.ActiveCfg = Ad-Hoc|iPhoneSimulator
		{51EE46C1-08F5-4BF9-A671-3145B0498BDE}.Ad-Hoc|iPhoneSimulator.Build.0 = Ad-Hoc|iPhoneSimulator
		{51EE46C1-08F5-4BF9-A671-3145B0498BDE}.Ad-Hoc|x64.ActiveCfg = Ad-Hoc|iPhone
		{51EE46C1-08F5-4BF9-A671-3145B0498BDE}.Ad-Hoc|x86.ActiveCfg = Ad-Hoc|iPhone
		{51EE46C1-08F5-4BF9-A671-3145B0498BDE}.AppStore|Any CPU.ActiveCfg = AppStore|iPhone
		{51EE46C1-08F5-4BF9-A671-3145B0498BDE}.AppStore|ARM.ActiveCfg = AppStore|iPhone
		{51EE46C1-08F5-4BF9-A671-3145B0498BDE}.AppStore|iPhone.ActiveCfg = AppStore|iPhone
		{51EE46C1-08F5-4BF9-A671-3145B0498BDE}.AppStore|iPhone.Build.0 = AppStore|iPhone
		{51EE46C1-08F5-4BF9-A671-3145B0498BDE}.AppStore|iPhoneSimulator.ActiveCfg = AppStore|iPhoneSimulator
		{51EE46C1-08F5-4BF9-A671-3145B0498BDE}.AppStore|iPhoneSimulator.Build.0 = AppStore|iPhoneSimulator
		{51EE46C1-08F5-4BF9-A671-3145B0498BDE}.AppStore|x64.ActiveCfg = AppStore|iPhone
		{51EE46C1-08F5-4BF9-A671-3145B0498BDE}.AppStore|x86.ActiveCfg = AppStore|iPhone
		{51EE46C1-08F5-4BF9-A671-3145B0498BDE}.Debug|Any CPU.ActiveCfg = Debug|iPhone
		{51EE46C1-08F5-4BF9-A671-3145B0498BDE}.Debug|ARM.ActiveCfg = Debug|iPhone
		{51EE46C1-08F5-4BF9-A671-3145B0498BDE}.Debug|iPhone.ActiveCfg = Debug|iPhone
		{51EE46C1-08F5-4BF9-A671-3145B0498BDE}.Debug|iPhone.Build.0 = Debug|iPhone
		{51EE46C1-08F5-4BF9-A671-3145B0498BDE}.Debug|iPhoneSimulator.ActiveCfg = Debug|iPhoneSimulator
		{51EE46C1-08F5-4BF9-A671-3145B0498BDE}.Debug|iPhoneSimulator.Build.0 = Debug|iPhoneSimulator
		{51EE46C1-08F5-4BF9-A671-3145B0498BDE}.Debug|x64.ActiveCfg = Debug|iPhone
		{51EE46C1-08F5-4BF9-A671-3145B0498BDE}.Debug|x86.ActiveCfg = Debug|iPhone
		{51EE46C1-08F5-4BF9-A671-3145B0498BDE}.Release|Any CPU.ActiveCfg = Release|iPhone
		{51EE46C1-08F5-4BF9-A671-3145B0498BDE}.Release|ARM.ActiveCfg = Release|iPhone
		{51EE46C1-08F5-4BF9-A671-3145B0498BDE}.Release|iPhone.ActiveCfg = Release|iPhone
		{51EE46C1-08F5-4BF9-A671-3145B0498BDE}.Release|iPhone.Build.0 = Release|iPhone
		{51EE46C1-08F5-4BF9-A671-3145B0498BDE}.Release|iPhoneSimulator.ActiveCfg = Release|iPhoneSimulator
		{51EE46C1-08F5-4BF9-A671-3145B0498BDE}.Release|iPhoneSimulator.Build.0 = Release|iPhoneSimulator
		{51EE46C1-08F5-4BF9-A671-3145B0498BDE}.Release|x64.ActiveCfg = Release|iPhone
		{51EE46C1-08F5-4BF9-A671-3145B0498BDE}.Release|x86.ActiveCfg = Release|iPhone
		{19D157B8-8B93-4C84-B031-132544F8F97C}.Ad-Hoc|Any CPU.ActiveCfg = Release|Any CPU
		{19D157B8-8B93-4C84-B031-132544F8F97C}.Ad-Hoc|Any CPU.Build.0 = Release|Any CPU
		{19D157B8-8B93-4C84-B031-132544F8F97C}.Ad-Hoc|Any CPU.Deploy.0 = Release|Any CPU
		{19D157B8-8B93-4C84-B031-132544F8F97C}.Ad-Hoc|ARM.ActiveCfg = Release|ARM
		{19D157B8-8B93-4C84-B031-132544F8F97C}.Ad-Hoc|ARM.Build.0 = Release|ARM
		{19D157B8-8B93-4C84-B031-132544F8F97C}.Ad-Hoc|ARM.Deploy.0 = Release|ARM
		{19D157B8-8B93-4C84-B031-132544F8F97C}.Ad-Hoc|iPhone.ActiveCfg = Release|Any CPU
		{19D157B8-8B93-4C84-B031-132544F8F97C}.Ad-Hoc|iPhone.Build.0 = Release|Any CPU
		{19D157B8-8B93-4C84-B031-132544F8F97C}.Ad-Hoc|iPhone.Deploy.0 = Release|Any CPU
		{19D157B8-8B93-4C84-B031-132544F8F97C}.Ad-Hoc|iPhoneSimulator.ActiveCfg = Release|Any CPU
		{19D157B8-8B93-4C84-B031-132544F8F97C}.Ad-Hoc|iPhoneSimulator.Build.0 = Release|Any CPU
		{19D157B8-8B93-4C84-B031-132544F8F97C}.Ad-Hoc|iPhoneSimulator.Deploy.0 = Release|Any CPU
		{19D157B8-8B93-4C84-B031-132544F8F97C}.Ad-Hoc|x64.ActiveCfg = Release|Any CPU
		{19D157B8-8B93-4C84-B031-132544F8F97C}.Ad-Hoc|x64.Build.0 = Release|Any CPU
		{19D157B8-8B93-4C84-B031-132544F8F97C}.Ad-Hoc|x64.Deploy.0 = Release|Any CPU
		{19D157B8-8B93-4C84-B031-132544F8F97C}.Ad-Hoc|x86.ActiveCfg = Release|x86
		{19D157B8-8B93-4C84-B031-132544F8F97C}.Ad-Hoc|x86.Build.0 = Release|x86
		{19D157B8-8B93-4C84-B031-132544F8F97C}.Ad-Hoc|x86.Deploy.0 = Release|x86
		{19D157B8-8B93-4C84-B031-132544F8F97C}.AppStore|Any CPU.ActiveCfg = Release|Any CPU
		{19D157B8-8B93-4C84-B031-132544F8F97C}.AppStore|Any CPU.Build.0 = Release|Any CPU
		{19D157B8-8B93-4C84-B031-132544F8F97C}.AppStore|Any CPU.Deploy.0 = Release|Any CPU
		{19D157B8-8B93-4C84-B031-132544F8F97C}.AppStore|ARM.ActiveCfg = Release|ARM
		{19D157B8-8B93-4C84-B031-132544F8F97C}.AppStore|ARM.Build.0 = Release|ARM
		{19D157B8-8B93-4C84-B031-132544F8F97C}.AppStore|ARM.Deploy.0 = Release|ARM
		{19D157B8-8B93-4C84-B031-132544F8F97C}.AppStore|iPhone.ActiveCfg = Release|Any CPU
		{19D157B8-8B93-4C84-B031-132544F8F97C}.AppStore|iPhone.Build.0 = Release|Any CPU
		{19D157B8-8B93-4C84-B031-132544F8F97C}.AppStore|iPhone.Deploy.0 = Release|Any CPU
		{19D157B8-8B93-4C84-B031-132544F8F97C}.AppStore|iPhoneSimulator.ActiveCfg = Release|Any CPU
		{19D157B8-8B93-4C84-B031-132544F8F97C}.AppStore|iPhoneSimulator.Build.0 = Release|Any CPU
		{19D157B8-8B93-4C84-B031-132544F8F97C}.AppStore|iPhoneSimulator.Deploy.0 = Release|Any CPU
		{19D157B8-8B93-4C84-B031-132544F8F97C}.AppStore|x64.ActiveCfg = Release|Any CPU
		{19D157B8-8B93-4C84-B031-132544F8F97C}.AppStore|x64.Build.0 = Release|Any CPU
		{19D157B8-8B93-4C84-B031-132544F8F97C}.AppStore|x64.Deploy.0 = Release|Any CPU
		{19D157B8-8B93-4C84-B031-132544F8F97C}.AppStore|x86.ActiveCfg = Release|x86
		{19D157B8-8B93-4C84-B031-132544F8F97C}.AppStore|x86.Build.0 = Release|x86
		{19D157B8-8B93-4C84-B031-132544F8F97C}.AppStore|x86.Deploy.0 = Release|x86
		{19D157B8-8B93-4C84-B031-132544F8F97C}.Debug|Any CPU.ActiveCfg = Debug|Any CPU
		{19D157B8-8B93-4C84-B031-132544F8F97C}.Debug|Any CPU.Build.0 = Debug|Any CPU
		{19D157B8-8B93-4C84-B031-132544F8F97C}.Debug|Any CPU.Deploy.0 = Debug|Any CPU
		{19D157B8-8B93-4C84-B031-132544F8F97C}.Debug|ARM.ActiveCfg = Debug|ARM
		{19D157B8-8B93-4C84-B031-132544F8F97C}.Debug|ARM.Build.0 = Debug|ARM
		{19D157B8-8B93-4C84-B031-132544F8F97C}.Debug|ARM.Deploy.0 = Debug|ARM
		{19D157B8-8B93-4C84-B031-132544F8F97C}.Debug|iPhone.ActiveCfg = Debug|Any CPU
		{19D157B8-8B93-4C84-B031-132544F8F97C}.Debug|iPhone.Build.0 = Debug|Any CPU
		{19D157B8-8B93-4C84-B031-132544F8F97C}.Debug|iPhone.Deploy.0 = Debug|Any CPU
		{19D157B8-8B93-4C84-B031-132544F8F97C}.Debug|iPhoneSimulator.ActiveCfg = Debug|Any CPU
		{19D157B8-8B93-4C84-B031-132544F8F97C}.Debug|iPhoneSimulator.Build.0 = Debug|Any CPU
		{19D157B8-8B93-4C84-B031-132544F8F97C}.Debug|iPhoneSimulator.Deploy.0 = Debug|Any CPU
		{19D157B8-8B93-4C84-B031-132544F8F97C}.Debug|x64.ActiveCfg = Debug|Any CPU
		{19D157B8-8B93-4C84-B031-132544F8F97C}.Debug|x64.Build.0 = Debug|Any CPU
		{19D157B8-8B93-4C84-B031-132544F8F97C}.Debug|x64.Deploy.0 = Debug|Any CPU
		{19D157B8-8B93-4C84-B031-132544F8F97C}.Debug|x86.ActiveCfg = Debug|x86
		{19D157B8-8B93-4C84-B031-132544F8F97C}.Debug|x86.Build.0 = Debug|x86
		{19D157B8-8B93-4C84-B031-132544F8F97C}.Debug|x86.Deploy.0 = Debug|x86
		{19D157B8-8B93-4C84-B031-132544F8F97C}.Release|Any CPU.ActiveCfg = Release|Any CPU
		{19D157B8-8B93-4C84-B031-132544F8F97C}.Release|Any CPU.Build.0 = Release|Any CPU
		{19D157B8-8B93-4C84-B031-132544F8F97C}.Release|Any CPU.Deploy.0 = Release|Any CPU
		{19D157B8-8B93-4C84-B031-132544F8F97C}.Release|ARM.ActiveCfg = Release|ARM
		{19D157B8-8B93-4C84-B031-132544F8F97C}.Release|ARM.Build.0 = Release|ARM
		{19D157B8-8B93-4C84-B031-132544F8F97C}.Release|ARM.Deploy.0 = Release|ARM
		{19D157B8-8B93-4C84-B031-132544F8F97C}.Release|iPhone.ActiveCfg = Release|Any CPU
		{19D157B8-8B93-4C84-B031-132544F8F97C}.Release|iPhone.Build.0 = Release|Any CPU
		{19D157B8-8B93-4C84-B031-132544F8F97C}.Release|iPhone.Deploy.0 = Release|Any CPU
		{19D157B8-8B93-4C84-B031-132544F8F97C}.Release|iPhoneSimulator.ActiveCfg = Release|Any CPU
		{19D157B8-8B93-4C84-B031-132544F8F97C}.Release|iPhoneSimulator.Build.0 = Release|Any CPU
		{19D157B8-8B93-4C84-B031-132544F8F97C}.Release|iPhoneSimulator.Deploy.0 = Release|Any CPU
		{19D157B8-8B93-4C84-B031-132544F8F97C}.Release|x64.ActiveCfg = Release|Any CPU
		{19D157B8-8B93-4C84-B031-132544F8F97C}.Release|x64.Build.0 = Release|Any CPU
		{19D157B8-8B93-4C84-B031-132544F8F97C}.Release|x64.Deploy.0 = Release|Any CPU
		{19D157B8-8B93-4C84-B031-132544F8F97C}.Release|x86.ActiveCfg = Release|x86
		{19D157B8-8B93-4C84-B031-132544F8F97C}.Release|x86.Build.0 = Release|x86
		{19D157B8-8B93-4C84-B031-132544F8F97C}.Release|x86.Deploy.0 = Release|x86
		{EC304013-E183-4671-A10A-7B6FE611BCE2}.Ad-Hoc|Any CPU.ActiveCfg = Release|Any CPU
		{EC304013-E183-4671-A10A-7B6FE611BCE2}.Ad-Hoc|Any CPU.Build.0 = Release|Any CPU
		{EC304013-E183-4671-A10A-7B6FE611BCE2}.Ad-Hoc|Any CPU.Deploy.0 = Release|Any CPU
		{EC304013-E183-4671-A10A-7B6FE611BCE2}.Ad-Hoc|ARM.ActiveCfg = Release|ARM
		{EC304013-E183-4671-A10A-7B6FE611BCE2}.Ad-Hoc|ARM.Build.0 = Release|ARM
		{EC304013-E183-4671-A10A-7B6FE611BCE2}.Ad-Hoc|ARM.Deploy.0 = Release|ARM
		{EC304013-E183-4671-A10A-7B6FE611BCE2}.Ad-Hoc|iPhone.ActiveCfg = Release|Any CPU
		{EC304013-E183-4671-A10A-7B6FE611BCE2}.Ad-Hoc|iPhone.Build.0 = Release|Any CPU
		{EC304013-E183-4671-A10A-7B6FE611BCE2}.Ad-Hoc|iPhone.Deploy.0 = Release|Any CPU
		{EC304013-E183-4671-A10A-7B6FE611BCE2}.Ad-Hoc|iPhoneSimulator.ActiveCfg = Release|Any CPU
		{EC304013-E183-4671-A10A-7B6FE611BCE2}.Ad-Hoc|iPhoneSimulator.Build.0 = Release|Any CPU
		{EC304013-E183-4671-A10A-7B6FE611BCE2}.Ad-Hoc|iPhoneSimulator.Deploy.0 = Release|Any CPU
		{EC304013-E183-4671-A10A-7B6FE611BCE2}.Ad-Hoc|x64.ActiveCfg = Release|x64
		{EC304013-E183-4671-A10A-7B6FE611BCE2}.Ad-Hoc|x64.Build.0 = Release|x64
		{EC304013-E183-4671-A10A-7B6FE611BCE2}.Ad-Hoc|x64.Deploy.0 = Release|x64
		{EC304013-E183-4671-A10A-7B6FE611BCE2}.Ad-Hoc|x86.ActiveCfg = Release|x86
		{EC304013-E183-4671-A10A-7B6FE611BCE2}.Ad-Hoc|x86.Build.0 = Release|x86
		{EC304013-E183-4671-A10A-7B6FE611BCE2}.Ad-Hoc|x86.Deploy.0 = Release|x86
		{EC304013-E183-4671-A10A-7B6FE611BCE2}.AppStore|Any CPU.ActiveCfg = Release|Any CPU
		{EC304013-E183-4671-A10A-7B6FE611BCE2}.AppStore|Any CPU.Build.0 = Release|Any CPU
		{EC304013-E183-4671-A10A-7B6FE611BCE2}.AppStore|Any CPU.Deploy.0 = Release|Any CPU
		{EC304013-E183-4671-A10A-7B6FE611BCE2}.AppStore|ARM.ActiveCfg = Release|ARM
		{EC304013-E183-4671-A10A-7B6FE611BCE2}.AppStore|ARM.Build.0 = Release|ARM
		{EC304013-E183-4671-A10A-7B6FE611BCE2}.AppStore|ARM.Deploy.0 = Release|ARM
		{EC304013-E183-4671-A10A-7B6FE611BCE2}.AppStore|iPhone.ActiveCfg = Release|Any CPU
		{EC304013-E183-4671-A10A-7B6FE611BCE2}.AppStore|iPhone.Build.0 = Release|Any CPU
		{EC304013-E183-4671-A10A-7B6FE611BCE2}.AppStore|iPhone.Deploy.0 = Release|Any CPU
		{EC304013-E183-4671-A10A-7B6FE611BCE2}.AppStore|iPhoneSimulator.ActiveCfg = Release|Any CPU
		{EC304013-E183-4671-A10A-7B6FE611BCE2}.AppStore|iPhoneSimulator.Build.0 = Release|Any CPU
		{EC304013-E183-4671-A10A-7B6FE611BCE2}.AppStore|iPhoneSimulator.Deploy.0 = Release|Any CPU
		{EC304013-E183-4671-A10A-7B6FE611BCE2}.AppStore|x64.ActiveCfg = Release|x64
		{EC304013-E183-4671-A10A-7B6FE611BCE2}.AppStore|x64.Build.0 = Release|x64
		{EC304013-E183-4671-A10A-7B6FE611BCE2}.AppStore|x64.Deploy.0 = Release|x64
		{EC304013-E183-4671-A10A-7B6FE611BCE2}.AppStore|x86.ActiveCfg = Release|x86
		{EC304013-E183-4671-A10A-7B6FE611BCE2}.AppStore|x86.Build.0 = Release|x86
		{EC304013-E183-4671-A10A-7B6FE611BCE2}.AppStore|x86.Deploy.0 = Release|x86
		{EC304013-E183-4671-A10A-7B6FE611BCE2}.Debug|Any CPU.ActiveCfg = Debug|Any CPU
		{EC304013-E183-4671-A10A-7B6FE611BCE2}.Debug|Any CPU.Build.0 = Debug|Any CPU
		{EC304013-E183-4671-A10A-7B6FE611BCE2}.Debug|Any CPU.Deploy.0 = Debug|Any CPU
		{EC304013-E183-4671-A10A-7B6FE611BCE2}.Debug|ARM.ActiveCfg = Debug|ARM
		{EC304013-E183-4671-A10A-7B6FE611BCE2}.Debug|ARM.Build.0 = Debug|ARM
		{EC304013-E183-4671-A10A-7B6FE611BCE2}.Debug|ARM.Deploy.0 = Debug|ARM
		{EC304013-E183-4671-A10A-7B6FE611BCE2}.Debug|iPhone.ActiveCfg = Debug|Any CPU
		{EC304013-E183-4671-A10A-7B6FE611BCE2}.Debug|iPhone.Build.0 = Debug|Any CPU
		{EC304013-E183-4671-A10A-7B6FE611BCE2}.Debug|iPhone.Deploy.0 = Debug|Any CPU
		{EC304013-E183-4671-A10A-7B6FE611BCE2}.Debug|iPhoneSimulator.ActiveCfg = Debug|Any CPU
		{EC304013-E183-4671-A10A-7B6FE611BCE2}.Debug|iPhoneSimulator.Build.0 = Debug|Any CPU
		{EC304013-E183-4671-A10A-7B6FE611BCE2}.Debug|iPhoneSimulator.Deploy.0 = Debug|Any CPU
		{EC304013-E183-4671-A10A-7B6FE611BCE2}.Debug|x64.ActiveCfg = Debug|x64
		{EC304013-E183-4671-A10A-7B6FE611BCE2}.Debug|x64.Build.0 = Debug|x64
		{EC304013-E183-4671-A10A-7B6FE611BCE2}.Debug|x64.Deploy.0 = Debug|x64
		{EC304013-E183-4671-A10A-7B6FE611BCE2}.Debug|x86.ActiveCfg = Debug|x86
		{EC304013-E183-4671-A10A-7B6FE611BCE2}.Debug|x86.Build.0 = Debug|x86
		{EC304013-E183-4671-A10A-7B6FE611BCE2}.Debug|x86.Deploy.0 = Debug|x86
		{EC304013-E183-4671-A10A-7B6FE611BCE2}.Release|Any CPU.ActiveCfg = Release|Any CPU
		{EC304013-E183-4671-A10A-7B6FE611BCE2}.Release|Any CPU.Build.0 = Release|Any CPU
		{EC304013-E183-4671-A10A-7B6FE611BCE2}.Release|Any CPU.Deploy.0 = Release|Any CPU
		{EC304013-E183-4671-A10A-7B6FE611BCE2}.Release|ARM.ActiveCfg = Release|ARM
		{EC304013-E183-4671-A10A-7B6FE611BCE2}.Release|ARM.Build.0 = Release|ARM
		{EC304013-E183-4671-A10A-7B6FE611BCE2}.Release|ARM.Deploy.0 = Release|ARM
		{EC304013-E183-4671-A10A-7B6FE611BCE2}.Release|iPhone.ActiveCfg = Release|Any CPU
		{EC304013-E183-4671-A10A-7B6FE611BCE2}.Release|iPhone.Build.0 = Release|Any CPU
		{EC304013-E183-4671-A10A-7B6FE611BCE2}.Release|iPhone.Deploy.0 = Release|Any CPU
		{EC304013-E183-4671-A10A-7B6FE611BCE2}.Release|iPhoneSimulator.ActiveCfg = Release|Any CPU
		{EC304013-E183-4671-A10A-7B6FE611BCE2}.Release|iPhoneSimulator.Build.0 = Release|Any CPU
		{EC304013-E183-4671-A10A-7B6FE611BCE2}.Release|iPhoneSimulator.Deploy.0 = Release|Any CPU
		{EC304013-E183-4671-A10A-7B6FE611BCE2}.Release|x64.ActiveCfg = Release|x64
		{EC304013-E183-4671-A10A-7B6FE611BCE2}.Release|x64.Build.0 = Release|x64
		{EC304013-E183-4671-A10A-7B6FE611BCE2}.Release|x64.Deploy.0 = Release|x64
		{EC304013-E183-4671-A10A-7B6FE611BCE2}.Release|x86.ActiveCfg = Release|x86
		{EC304013-E183-4671-A10A-7B6FE611BCE2}.Release|x86.Build.0 = Release|x86
		{EC304013-E183-4671-A10A-7B6FE611BCE2}.Release|x86.Deploy.0 = Release|x86
	EndGlobalSection
	GlobalSection(SolutionProperties) = preSolution
		HideSolutionNode = FALSE
	EndGlobalSection
	GlobalSection(TeamFoundationVersionControl) = preSolution
		SccNumberOfProjects = 6
		SccEnterpriseProvider = {4CA58AB2-18FA-4F8D-95D4-32DDF27D184C}
		SccTeamFoundationServer = https://iotxamarin.visualstudio.com/
		SccLocalPath0 = .
		SccProjectUniqueName1 = SIPDemoApp\\SIPDemoApp.Droid\\SIPDemoApp.Droid.csproj
		SccProjectName1 = SIPDemoApp/SIPDemoApp.Droid
		SccLocalPath1 = SIPDemoApp\\SIPDemoApp.Droid
		SccProjectUniqueName2 = SIPDemoApp\\SIPDemoApp.iOS\\SIPDemoApp.iOS.csproj
		SccProjectName2 = SIPDemoApp/SIPDemoApp.iOS
		SccLocalPath2 = SIPDemoApp\\SIPDemoApp.iOS
		SccProjectUniqueName3 = SIPDemoApp\\SIPDemoApp.Windows\\SIPDemoApp.Windows.csproj
		SccProjectName3 = SIPDemoApp/SIPDemoApp.Windows
		SccLocalPath3 = SIPDemoApp\\SIPDemoApp.Windows
		SccProjectUniqueName4 = SIPDemoApp\\SIPDemoApp.WinPhone\\SIPDemoApp.WinPhone.csproj
		SccProjectName4 = SIPDemoApp/SIPDemoApp.WinPhone
		SccLocalPath4 = SIPDemoApp\\SIPDemoApp.WinPhone
		SccProjectUniqueName5 = SIPDemoApp\\SIPDemoApp\\SIPDemoApp.csproj
		SccProjectName5 = SIPDemoApp/SIPDemoApp
		SccLocalPath5 = SIPDemoApp\\SIPDemoApp
	EndGlobalSection
EndGlobal
